
Microsoft Visual Studio Solution File, Format Version 12.00
# Visual Studio Version 16
VisualStudioVersion = 16.0.29519.181
MinimumVisualStudioVersion = 10.0.40219.1
Project("{FAE04EC0-301F-11D3-BF4B-00C04F79EFBC}") = "TestingApp", "TestingApp\TestingApp.csproj", "{EDFB1992-7852-488A-A7D3-BAC044739E2F}"
EndProject
Global
	GlobalSection(SolutionConfigurationPlatforms) = preSolution
		Debug|Any CPU = Debug|Any CPU
		Release|Any CPU = Release|Any CPU
	EndGlobalSection
	GlobalSection(ProjectConfigurationPlatforms) = postSolution
		{EDFB1992-7852-488A-A7D3-BAC044739E2F}.Debug|Any CPU.ActiveCfg = Debug|Any CPU
		{EDFB1992-7852-488A-A7D3-BAC044739E2F}.Debug|Any CPU.Build.0 = Debug|Any CPU
		{EDFB1992-7852-488A-A7D3-BAC044739E2F}.Release|Any CPU.ActiveCfg = Release|Any CPU
		{EDFB1992-7852-488A-A7D3-BAC044739E2F}.Release|Any CPU.Build.0 = Release|Any CPU
	EndGlobalSection
	GlobalSection(SolutionProperties) = preSolution
		HideSolutionNode = FALSE
	EndGlobalSection
	GlobalSection(ExtensibilityGlobals) = postSolution
		SolutionGuid = {F782AADB-A263-4FC2-8E98-E4AD44F2F707}
	EndGlobalSection
EndGlobal
